
Microsoft Visual Studio Solution File, Format Version 12.00
# Visual Studio 15
VisualStudioVersion = 15.0.28307.168
MinimumVisualStudioVersion = 10.0.40219.1
Project("{FAE04EC0-301F-11D3-BF4B-00C04F79EFBC}") = "ItemDragAndDelete.Android", "ItemDragAndDelete\ItemDragAndDelete.Android\ItemDragAndDelete.Android.csproj", "{5412B887-0F6E-4E62-94CE-1D1DC471EAF5}"
EndProject
Project("{FAE04EC0-301F-11D3-BF4B-00C04F79EFBC}") = "ItemDragAndDelete.iOS", "ItemDragAndDelete\ItemDragAndDelete.iOS\ItemDragAndDelete.iOS.csproj", "{3D12F11A-7123-4EFE-9F45-931E4ED3F736}"
EndProject
Project("{FAE04EC0-301F-11D3-BF4B-00C04F79EFBC}") = "ItemDragAndDelete.UWP", "ItemDragAndDelete\ItemDragAndDelete.UWP\ItemDragAndDelete.UWP.csproj", "{EA188C03-8F79-4A22-8AC1-283A1728ED66}"
EndProject
Project("{FAE04EC0-301F-11D3-BF4B-00C04F79EFBC}") = "ItemDragAndDelete", "ItemDragAndDelete\ItemDragAndDelete\ItemDragAndDelete.csproj", "{3F880655-523C-4F69-9769-EA841B008711}"
EndProject
Global
	GlobalSection(SolutionConfigurationPlatforms) = preSolution
		Ad-Hoc|Any CPU = Ad-Hoc|Any CPU
		Ad-Hoc|ARM = Ad-Hoc|ARM
		Ad-Hoc|iPhone = Ad-Hoc|iPhone
		Ad-Hoc|iPhoneSimulator = Ad-Hoc|iPhoneSimulator
		Ad-Hoc|x64 = Ad-Hoc|x64
		Ad-Hoc|x86 = Ad-Hoc|x86
		AppStore|Any CPU = AppStore|Any CPU
		AppStore|ARM = AppStore|ARM
		AppStore|iPhone = AppStore|iPhone
		AppStore|iPhoneSimulator = AppStore|iPhoneSimulator
		AppStore|x64 = AppStore|x64
		AppStore|x86 = AppStore|x86
		Debug|Any CPU = Debug|Any CPU
		Debug|ARM = Debug|ARM
		Debug|iPhone = Debug|iPhone
		Debug|iPhoneSimulator = Debug|iPhoneSimulator
		Debug|x64 = Debug|x64
		Debug|x86 = Debug|x86
		Release|Any CPU = Release|Any CPU
		Release|ARM = Release|ARM
		Release|iPhone = Release|iPhone
		Release|iPhoneSimulator = Release|iPhoneSimulator
		Release|x64 = Release|x64
		Release|x86 = Release|x86
	EndGlobalSection
	GlobalSection(ProjectConfigurationPlatforms) = postSolution
		{5412B887-0F6E-4E62-94CE-1D1DC471EAF5}.Ad-Hoc|Any CPU.ActiveCfg = Release|Any CPU
		{5412B887-0F6E-4E62-94CE-1D1DC471EAF5}.Ad-Hoc|Any CPU.Build.0 = Release|Any CPU
		{5412B887-0F6E-4E62-94CE-1D1DC471EAF5}.Ad-Hoc|Any CPU.Deploy.0 = Release|Any CPU
		{5412B887-0F6E-4E62-94CE-1D1DC471EAF5}.Ad-Hoc|ARM.ActiveCfg = Release|Any CPU
		{5412B887-0F6E-4E62-94CE-1D1DC471EAF5}.Ad-Hoc|ARM.Build.0 = Release|Any CPU
		{5412B887-0F6E-4E62-94CE-1D1DC471EAF5}.Ad-Hoc|ARM.Deploy.0 = Release|Any CPU
		{5412B887-0F6E-4E62-94CE-1D1DC471EAF5}.Ad-Hoc|iPhone.ActiveCfg = Release|Any CPU
		{5412B887-0F6E-4E62-94CE-1D1DC471EAF5}.Ad-Hoc|iPhone.Build.0 = Release|Any CPU
		{5412B887-0F6E-4E62-94CE-1D1DC471EAF5}.Ad-Hoc|iPhone.Deploy.0 = Release|Any CPU
		{5412B887-0F6E-4E62-94CE-1D1DC471EAF5}.Ad-Hoc|iPhoneSimulator.ActiveCfg = Release|Any CPU
		{5412B887-0F6E-4E62-94CE-1D1DC471EAF5}.Ad-Hoc|iPhoneSimulator.Build.0 = Release|Any CPU
		{5412B887-0F6E-4E62-94CE-1D1DC471EAF5}.Ad-Hoc|iPhoneSimulator.Deploy.0 = Release|Any CPU
		{5412B887-0F6E-4E62-94CE-1D1DC471EAF5}.Ad-Hoc|x64.ActiveCfg = Release|Any CPU
		{5412B887-0F6E-4E62-94CE-1D1DC471EAF5}.Ad-Hoc|x64.Build.0 = Release|Any CPU
		{5412B887-0F6E-4E62-94CE-1D1DC471EAF5}.Ad-Hoc|x64.Deploy.0 = Release|Any CPU
		{5412B887-0F6E-4E62-94CE-1D1DC471EAF5}.Ad-Hoc|x86.ActiveCfg = Release|Any CPU
		{5412B887-0F6E-4E62-94CE-1D1DC471EAF5}.Ad-Hoc|x86.Build.0 = Release|Any CPU
		{5412B887-0F6E-4E62-94CE-1D1DC471EAF5}.Ad-Hoc|x86.Deploy.0 = Release|Any CPU
		{5412B887-0F6E-4E62-94CE-1D1DC471EAF5}.AppStore|Any CPU.ActiveCfg = Release|Any CPU
		{5412B887-0F6E-4E62-94CE-1D1DC471EAF5}.AppStore|Any CPU.Build.0 = Release|Any CPU
		{5412B887-0F6E-4E62-94CE-1D1DC471EAF5}.AppStore|Any CPU.Deploy.0 = Release|Any CPU
		{5412B887-0F6E-4E62-94CE-1D1DC471EAF5}.AppStore|ARM.ActiveCfg = Release|Any CPU
		{5412B887-0F6E-4E62-94CE-1D1DC471EAF5}.AppStore|ARM.Build.0 = Release|Any CPU
		{5412B887-0F6E-4E62-94CE-1D1DC471EAF5}.AppStore|ARM.Deploy.0 = Release|Any CPU
		{5412B887-0F6E-4E62-94CE-1D1DC471EAF5}.AppStore|iPhone.ActiveCfg = Release|Any CPU
		{5412B887-0F6E-4E62-94CE-1D1DC471EAF5}.AppStore|iPhone.Build.0 = Release|Any CPU
		{5412B887-0F6E-4E62-94CE-1D1DC471EAF5}.AppStore|iPhone.Deploy.0 = Release|Any CPU
		{5412B887-0F6E-4E62-94CE-1D1DC471EAF5}.AppStore|iPhoneSimulator.ActiveCfg = Release|Any CPU
		{5412B887-0F6E-4E62-94CE-1D1DC471EAF5}.AppStore|iPhoneSimulator.Build.0 = Release|Any CPU
		{5412B887-0F6E-4E62-94CE-1D1DC471EAF5}.AppStore|iPhoneSimulator.Deploy.0 = Release|Any CPU
		{5412B887-0F6E-4E62-94CE-1D1DC471EAF5}.AppStore|x64.ActiveCfg = Release|Any CPU
		{5412B887-0F6E-4E62-94CE-1D1DC471EAF5}.AppStore|x64.Build.0 = Release|Any CPU
		{5412B887-0F6E-4E62-94CE-1D1DC471EAF5}.AppStore|x64.Deploy.0 = Release|Any CPU
		{5412B887-0F6E-4E62-94CE-1D1DC471EAF5}.AppStore|x86.ActiveCfg = Release|Any CPU
		{5412B887-0F6E-4E62-94CE-1D1DC471EAF5}.AppStore|x86.Build.0 = Release|Any CPU
		{5412B887-0F6E-4E62-94CE-1D1DC471EAF5}.AppStore|x86.Deploy.0 = Release|Any CPU
		{5412B887-0F6E-4E62-94CE-1D1DC471EAF5}.Debug|Any CPU.ActiveCfg = Debug|Any CPU
		{5412B887-0F6E-4E62-94CE-1D1DC471EAF5}.Debug|Any CPU.Build.0 = Debug|Any CPU
		{5412B887-0F6E-4E62-94CE-1D1DC471EAF5}.Debug|Any CPU.Deploy.0 = Debug|Any CPU
		{5412B887-0F6E-4E62-94CE-1D1DC471EAF5}.Debug|ARM.ActiveCfg = Debug|Any CPU
		{5412B887-0F6E-4E62-94CE-1D1DC471EAF5}.Debug|ARM.Build.0 = Debug|Any CPU
		{5412B887-0F6E-4E62-94CE-1D1DC471EAF5}.Debug|ARM.Deploy.0 = Debug|Any CPU
		{5412B887-0F6E-4E62-94CE-1D1DC471EAF5}.Debug|iPhone.ActiveCfg = Debug|Any CPU
		{5412B887-0F6E-4E62-94CE-1D1DC471EAF5}.Debug|iPhone.Build.0 = Debug|Any CPU
		{5412B887-0F6E-4E62-94CE-1D1DC471EAF5}.Debug|iPhone.Deploy.0 = Debug|Any CPU
		{5412B887-0F6E-4E62-94CE-1D1DC471EAF5}.Debug|iPhoneSimulator.ActiveCfg = Debug|Any CPU
		{5412B887-0F6E-4E62-94CE-1D1DC471EAF5}.Debug|iPhoneSimulator.Build.0 = Debug|Any CPU
		{5412B887-0F6E-4E62-94CE-1D1DC471EAF5}.Debug|iPhoneSimulator.Deploy.0 = Debug|Any CPU
		{5412B887-0F6E-4E62-94CE-1D1DC471EAF5}.Debug|x64.ActiveCfg = Debug|Any CPU
		{5412B887-0F6E-4E62-94CE-1D1DC471EAF5}.Debug|x64.Build.0 = Debug|Any CPU
		{5412B887-0F6E-4E62-94CE-1D1DC471EAF5}.Debug|x64.Deploy.0 = Debug|Any CPU
		{5412B887-0F6E-4E62-94CE-1D1DC471EAF5}.Debug|x86.ActiveCfg = Debug|Any CPU
		{5412B887-0F6E-4E62-94CE-1D1DC471EAF5}.Debug|x86.Build.0 = Debug|Any CPU
		{5412B887-0F6E-4E62-94CE-1D1DC471EAF5}.Debug|x86.Deploy.0 = Debug|Any CPU
		{5412B887-0F6E-4E62-94CE-1D1DC471EAF5}.Release|Any CPU.ActiveCfg = Release|Any CPU
		{5412B887-0F6E-4E62-94CE-1D1DC471EAF5}.Release|Any CPU.Build.0 = Release|Any CPU
		{5412B887-0F6E-4E62-94CE-1D1DC471EAF5}.Release|Any CPU.Deploy.0 = Release|Any CPU
		{5412B887-0F6E-4E62-94CE-1D1DC471EAF5}.Release|ARM.ActiveCfg = Release|Any CPU
		{5412B887-0F6E-4E62-94CE-1D1DC471EAF5}.Release|ARM.Build.0 = Release|Any CPU
		{5412B887-0F6E-4E62-94CE-1D1DC471EAF5}.Release|ARM.Deploy.0 = Release|Any CPU
		{5412B887-0F6E-4E62-94CE-1D1DC471EAF5}.Release|iPhone.ActiveCfg = Release|Any CPU
		{5412B887-0F6E-4E62-94CE-1D1DC471EAF5}.Release|iPhone.Build.0 = Release|Any CPU
		{5412B887-0F6E-4E62-94CE-1D1DC471EAF5}.Release|iPhone.Deploy.0 = Release|Any CPU
		{5412B887-0F6E-4E62-94CE-1D1DC471EAF5}.Release|iPhoneSimulator.ActiveCfg = Release|Any CPU
		{5412B887-0F6E-4E62-94CE-1D1DC471EAF5}.Release|iPhoneSimulator.Build.0 = Release|Any CPU
		{5412B887-0F6E-4E62-94CE-1D1DC471EAF5}.Release|iPhoneSimulator.Deploy.0 = Release|Any CPU
		{5412B887-0F6E-4E62-94CE-1D1DC471EAF5}.Release|x64.ActiveCfg = Release|Any CPU
		{5412B887-0F6E-4E62-94CE-1D1DC471EAF5}.Release|x64.Build.0 = Release|Any CPU
		{5412B887-0F6E-4E62-94CE-1D1DC471EAF5}.Release|x64.Deploy.0 = Release|Any CPU
		{5412B887-0F6E-4E62-94CE-1D1DC471EAF5}.Release|x86.ActiveCfg = Release|Any CPU
		{5412B887-0F6E-4E62-94CE-1D1DC471EAF5}.Release|x86.Build.0 = Release|Any CPU
		{5412B887-0F6E-4E62-94CE-1D1DC471EAF5}.Release|x86.Deploy.0 = Release|Any CPU
		{3D12F11A-7123-4EFE-9F45-931E4ED3F736}.Ad-Hoc|Any CPU.ActiveCfg = Ad-Hoc|iPhone
		{3D12F11A-7123-4EFE-9F45-931E4ED3F736}.Ad-Hoc|Any CPU.Build.0 = Ad-Hoc|iPhone
		{3D12F11A-7123-4EFE-9F45-931E4ED3F736}.Ad-Hoc|Any CPU.Deploy.0 = Ad-Hoc|iPhone
		{3D12F11A-7123-4EFE-9F45-931E4ED3F736}.Ad-Hoc|ARM.ActiveCfg = Ad-Hoc|iPhone
		{3D12F11A-7123-4EFE-9F45-931E4ED3F736}.Ad-Hoc|ARM.Build.0 = Ad-Hoc|iPhone
		{3D12F11A-7123-4EFE-9F45-931E4ED3F736}.Ad-Hoc|ARM.Deploy.0 = Ad-Hoc|iPhone
		{3D12F11A-7123-4EFE-9F45-931E4ED3F736}.Ad-Hoc|iPhone.ActiveCfg = Ad-Hoc|iPhone
		{3D12F11A-7123-4EFE-9F45-931E4ED3F736}.Ad-Hoc|iPhone.Build.0 = Ad-Hoc|iPhone
		{3D12F11A-7123-4EFE-9F45-931E4ED3F736}.Ad-Hoc|iPhone.Deploy.0 = Ad-Hoc|iPhone
		{3D12F11A-7123-4EFE-9F45-931E4ED3F736}.Ad-Hoc|iPhoneSimulator.ActiveCfg = Ad-Hoc|iPhoneSimulator
		{3D12F11A-7123-4EFE-9F45-931E4ED3F736}.Ad-Hoc|iPhoneSimulator.Build.0 = Ad-Hoc|iPhoneSimulator
		{3D12F11A-7123-4EFE-9F45-931E4ED3F736}.Ad-Hoc|iPhoneSimulator.Deploy.0 = Ad-Hoc|iPhoneSimulator
		{3D12F11A-7123-4EFE-9F45-931E4ED3F736}.Ad-Hoc|x64.ActiveCfg = Ad-Hoc|iPhone
		{3D12F11A-7123-4EFE-9F45-931E4ED3F736}.Ad-Hoc|x64.Build.0 = Ad-Hoc|iPhone
		{3D12F11A-7123-4EFE-9F45-931E4ED3F736}.Ad-Hoc|x64.Deploy.0 = Ad-Hoc|iPhone
		{3D12F11A-7123-4EFE-9F45-931E4ED3F736}.Ad-Hoc|x86.ActiveCfg = Ad-Hoc|iPhone
		{3D12F11A-7123-4EFE-9F45-931E4ED3F736}.Ad-Hoc|x86.Build.0 = Ad-Hoc|iPhone
		{3D12F11A-7123-4EFE-9F45-931E4ED3F736}.Ad-Hoc|x86.Deploy.0 = Ad-Hoc|iPhone
		{3D12F11A-7123-4EFE-9F45-931E4ED3F736}.AppStore|Any CPU.ActiveCfg = AppStore|iPhone
		{3D12F11A-7123-4EFE-9F45-931E4ED3F736}.AppStore|Any CPU.Build.0 = AppStore|iPhone
		{3D12F11A-7123-4EFE-9F45-931E4ED3F736}.AppStore|Any CPU.Deploy.0 = AppStore|iPhone
		{3D12F11A-7123-4EFE-9F45-931E4ED3F736}.AppStore|ARM.ActiveCfg = AppStore|iPhone
		{3D12F11A-7123-4EFE-9F45-931E4ED3F736}.AppStore|ARM.Build.0 = AppStore|iPhone
		{3D12F11A-7123-4EFE-9F45-931E4ED3F736}.AppStore|ARM.Deploy.0 = AppStore|iPhone
		{3D12F11A-7123-4EFE-9F45-931E4ED3F736}.AppStore|iPhone.ActiveCfg = AppStore|iPhone
		{3D12F11A-7123-4EFE-9F45-931E4ED3F736}.AppStore|iPhone.Build.0 = AppStore|iPhone
		{3D12F11A-7123-4EFE-9F45-931E4ED3F736}.AppStore|iPhone.Deploy.0 = AppStore|iPhone
		{3D12F11A-7123-4EFE-9F45-931E4ED3F736}.AppStore|iPhoneSimulator.ActiveCfg = AppStore|iPhoneSimulator
		{3D12F11A-7123-4EFE-9F45-931E4ED3F736}.AppStore|iPhoneSimulator.Build.0 = AppStore|iPhoneSimulator
		{3D12F11A-7123-4EFE-9F45-931E4ED3F736}.AppStore|iPhoneSimulator.Deploy.0 = AppStore|iPhoneSimulator
		{3D12F11A-7123-4EFE-9F45-931E4ED3F736}.AppStore|x64.ActiveCfg = AppStore|iPhone
		{3D12F11A-7123-4EFE-9F45-931E4ED3F736}.AppStore|x64.Build.0 = AppStore|iPhone
		{3D12F11A-7123-4EFE-9F45-931E4ED3F736}.AppStore|x64.Deploy.0 = AppStore|iPhone
		{3D12F11A-7123-4EFE-9F45-931E4ED3F736}.AppStore|x86.ActiveCfg = AppStore|iPhone
		{3D12F11A-7123-4EFE-9F45-931E4ED3F736}.AppStore|x86.Build.0 = AppStore|iPhone
		{3D12F11A-7123-4EFE-9F45-931E4ED3F736}.AppStore|x86.Deploy.0 = AppStore|iPhone
		{3D12F11A-7123-4EFE-9F45-931E4ED3F736}.Debug|Any CPU.ActiveCfg = Debug|iPhoneSimulator
		{3D12F11A-7123-4EFE-9F45-931E4ED3F736}.Debug|Any CPU.Build.0 = Debug|iPhoneSimulator
		{3D12F11A-7123-4EFE-9F45-931E4ED3F736}.Debug|Any CPU.Deploy.0 = Debug|iPhoneSimulator
		{3D12F11A-7123-4EFE-9F45-931E4ED3F736}.Debug|ARM.ActiveCfg = Debug|iPhone
		{3D12F11A-7123-4EFE-9F45-931E4ED3F736}.Debug|ARM.Build.0 = Debug|iPhone
		{3D12F11A-7123-4EFE-9F45-931E4ED3F736}.Debug|ARM.Deploy.0 = Debug|iPhone
		{3D12F11A-7123-4EFE-9F45-931E4ED3F736}.Debug|iPhone.ActiveCfg = Debug|iPhone
		{3D12F11A-7123-4EFE-9F45-931E4ED3F736}.Debug|iPhone.Build.0 = Debug|iPhone
		{3D12F11A-7123-4EFE-9F45-931E4ED3F736}.Debug|iPhone.Deploy.0 = Debug|iPhone
		{3D12F11A-7123-4EFE-9F45-931E4ED3F736}.Debug|iPhoneSimulator.ActiveCfg = Debug|iPhoneSimulator
		{3D12F11A-7123-4EFE-9F45-931E4ED3F736}.Debug|iPhoneSimulator.Build.0 = Debug|iPhoneSimulator
		{3D12F11A-7123-4EFE-9F45-931E4ED3F736}.Debug|iPhoneSimulator.Deploy.0 = Debug|iPhoneSimulator
		{3D12F11A-7123-4EFE-9F45-931E4ED3F736}.Debug|x64.ActiveCfg = Debug|iPhone
		{3D12F11A-7123-4EFE-9F45-931E4ED3F736}.Debug|x64.Build.0 = Debug|iPhone
		{3D12F11A-7123-4EFE-9F45-931E4ED3F736}.Debug|x64.Deploy.0 = Debug|iPhone
		{3D12F11A-7123-4EFE-9F45-931E4ED3F736}.Debug|x86.ActiveCfg = Debug|iPhone
		{3D12F11A-7123-4EFE-9F45-931E4ED3F736}.Debug|x86.Build.0 = Debug|iPhone
		{3D12F11A-7123-4EFE-9F45-931E4ED3F736}.Debug|x86.Deploy.0 = Debug|iPhone
		{3D12F11A-7123-4EFE-9F45-931E4ED3F736}.Release|Any CPU.ActiveCfg = Release|iPhone
		{3D12F11A-7123-4EFE-9F45-931E4ED3F736}.Release|Any CPU.Build.0 = Release|iPhone
		{3D12F11A-7123-4EFE-9F45-931E4ED3F736}.Release|Any CPU.Deploy.0 = Release|iPhone
		{3D12F11A-7123-4EFE-9F45-931E4ED3F736}.Release|ARM.ActiveCfg = Release|iPhone
		{3D12F11A-7123-4EFE-9F45-931E4ED3F736}.Release|ARM.Build.0 = Release|iPhone
		{3D12F11A-7123-4EFE-9F45-931E4ED3F736}.Release|ARM.Deploy.0 = Release|iPhone
		{3D12F11A-7123-4EFE-9F45-931E4ED3F736}.Release|iPhone.ActiveCfg = Release|iPhone
		{3D12F11A-7123-4EFE-9F45-931E4ED3F736}.Release|iPhone.Build.0 = Release|iPhone
		{3D12F11A-7123-4EFE-9F45-931E4ED3F736}.Release|iPhone.Deploy.0 = Release|iPhone
		{3D12F11A-7123-4EFE-9F45-931E4ED3F736}.Release|iPhoneSimulator.ActiveCfg = Release|iPhoneSimulator
		{3D12F11A-7123-4EFE-9F45-931E4ED3F736}.Release|iPhoneSimulator.Build.0 = Release|iPhoneSimulator
		{3D12F11A-7123-4EFE-9F45-931E4ED3F736}.Release|iPhoneSimulator.Deploy.0 = Release|iPhoneSimulator
		{3D12F11A-7123-4EFE-9F45-931E4ED3F736}.Release|x64.ActiveCfg = Release|iPhone
		{3D12F11A-7123-4EFE-9F45-931E4ED3F736}.Release|x64.Build.0 = Release|iPhone
		{3D12F11A-7123-4EFE-9F45-931E4ED3F736}.Release|x64.Deploy.0 = Release|iPhone
		{3D12F11A-7123-4EFE-9F45-931E4ED3F736}.Release|x86.ActiveCfg = Release|iPhone
		{3D12F11A-7123-4EFE-9F45-931E4ED3F736}.Release|x86.Build.0 = Release|iPhone
		{3D12F11A-7123-4EFE-9F45-931E4ED3F736}.Release|x86.Deploy.0 = Release|iPhone
		{EA188C03-8F79-4A22-8AC1-283A1728ED66}.Ad-Hoc|Any CPU.ActiveCfg = Release|x86
		{EA188C03-8F79-4A22-8AC1-283A1728ED66}.Ad-Hoc|Any CPU.Build.0 = Release|x86
		{EA188C03-8F79-4A22-8AC1-283A1728ED66}.Ad-Hoc|Any CPU.Deploy.0 = Release|x86
		{EA188C03-8F79-4A22-8AC1-283A1728ED66}.Ad-Hoc|ARM.ActiveCfg = Release|ARM
		{EA188C03-8F79-4A22-8AC1-283A1728ED66}.Ad-Hoc|ARM.Build.0 = Release|ARM
		{EA188C03-8F79-4A22-8AC1-283A1728ED66}.Ad-Hoc|ARM.Deploy.0 = Release|ARM
		{EA188C03-8F79-4A22-8AC1-283A1728ED66}.Ad-Hoc|iPhone.ActiveCfg = Release|x86
		{EA188C03-8F79-4A22-8AC1-283A1728ED66}.Ad-Hoc|iPhone.Build.0 = Release|x86
		{EA188C03-8F79-4A22-8AC1-283A1728ED66}.Ad-Hoc|iPhone.Deploy.0 = Release|x86
		{EA188C03-8F79-4A22-8AC1-283A1728ED66}.Ad-Hoc|iPhoneSimulator.ActiveCfg = Release|x86
		{EA188C03-8F79-4A22-8AC1-283A1728ED66}.Ad-Hoc|iPhoneSimulator.Build.0 = Release|x86
		{EA188C03-8F79-4A22-8AC1-283A1728ED66}.Ad-Hoc|iPhoneSimulator.Deploy.0 = Release|x86
		{EA188C03-8F79-4A22-8AC1-283A1728ED66}.Ad-Hoc|x64.ActiveCfg = Release|x64
		{EA188C03-8F79-4A22-8AC1-283A1728ED66}.Ad-Hoc|x64.Build.0 = Release|x64
		{EA188C03-8F79-4A22-8AC1-283A1728ED66}.Ad-Hoc|x64.Deploy.0 = Release|x64
		{EA188C03-8F79-4A22-8AC1-283A1728ED66}.Ad-Hoc|x86.ActiveCfg = Release|x86
		{EA188C03-8F79-4A22-8AC1-283A1728ED66}.Ad-Hoc|x86.Build.0 = Release|x86
		{EA188C03-8F79-4A22-8AC1-283A1728ED66}.Ad-Hoc|x86.Deploy.0 = Release|x86
		{EA188C03-8F79-4A22-8AC1-283A1728ED66}.AppStore|Any CPU.ActiveCfg = Release|x86
		{EA188C03-8F79-4A22-8AC1-283A1728ED66}.AppStore|Any CPU.Build.0 = Release|x86
		{EA188C03-8F79-4A22-8AC1-283A1728ED66}.AppStore|Any CPU.Deploy.0 = Release|x86
		{EA188C03-8F79-4A22-8AC1-283A1728ED66}.AppStore|ARM.ActiveCfg = Release|ARM
		{EA188C03-8F79-4A22-8AC1-283A1728ED66}.AppStore|ARM.Build.0 = Release|ARM
		{EA188C03-8F79-4A22-8AC1-283A1728ED66}.AppStore|ARM.Deploy.0 = Release|ARM
		{EA188C03-8F79-4A22-8AC1-283A1728ED66}.AppStore|iPhone.ActiveCfg = Release|x86
		{EA188C03-8F79-4A22-8AC1-283A1728ED66}.AppStore|iPhone.Build.0 = Release|x86
		{EA188C03-8F79-4A22-8AC1-283A1728ED66}.AppStore|iPhone.Deploy.0 = Release|x86
		{EA188C03-8F79-4A22-8AC1-283A1728ED66}.AppStore|iPhoneSimulator.ActiveCfg = Release|x86
		{EA188C03-8F79-4A22-8AC1-283A1728ED66}.AppStore|iPhoneSimulator.Build.0 = Release|x86
		{EA188C03-8F79-4A22-8AC1-283A1728ED66}.AppStore|iPhoneSimulator.Deploy.0 = Release|x86
		{EA188C03-8F79-4A22-8AC1-283A1728ED66}.AppStore|x64.ActiveCfg = Release|x64
		{EA188C03-8F79-4A22-8AC1-283A1728ED66}.AppStore|x64.Build.0 = Release|x64
		{EA188C03-8F79-4A22-8AC1-283A1728ED66}.AppStore|x64.Deploy.0 = Release|x64
		{EA188C03-8F79-4A22-8AC1-283A1728ED66}.AppStore|x86.ActiveCfg = Release|x86
		{EA188C03-8F79-4A22-8AC1-283A1728ED66}.AppStore|x86.Build.0 = Release|x86
		{EA188C03-8F79-4A22-8AC1-283A1728ED66}.AppStore|x86.Deploy.0 = Release|x86
		{EA188C03-8F79-4A22-8AC1-283A1728ED66}.Debug|Any CPU.ActiveCfg = Debug|x86
		{EA188C03-8F79-4A22-8AC1-283A1728ED66}.Debug|Any CPU.Build.0 = Debug|x86
		{EA188C03-8F79-4A22-8AC1-283A1728ED66}.Debug|Any CPU.Deploy.0 = Debug|x86
		{EA188C03-8F79-4A22-8AC1-283A1728ED66}.Debug|ARM.ActiveCfg = Debug|ARM
		{EA188C03-8F79-4A22-8AC1-283A1728ED66}.Debug|ARM.Build.0 = Debug|ARM
		{EA188C03-8F79-4A22-8AC1-283A1728ED66}.Debug|ARM.Deploy.0 = Debug|ARM
		{EA188C03-8F79-4A22-8AC1-283A1728ED66}.Debug|iPhone.ActiveCfg = Debug|x86
		{EA188C03-8F79-4A22-8AC1-283A1728ED66}.Debug|iPhone.Build.0 = Debug|x86
		{EA188C03-8F79-4A22-8AC1-283A1728ED66}.Debug|iPhone.Deploy.0 = Debug|x86
		{EA188C03-8F79-4A22-8AC1-283A1728ED66}.Debug|iPhoneSimulator.ActiveCfg = Debug|x86
		{EA188C03-8F79-4A22-8AC1-283A1728ED66}.Debug|iPhoneSimulator.Build.0 = Debug|x86
		{EA188C03-8F79-4A22-8AC1-283A1728ED66}.Debug|iPhoneSimulator.Deploy.0 = Debug|x86
		{EA188C03-8F79-4A22-8AC1-283A1728ED66}.Debug|x64.ActiveCfg = Debug|x64
		{EA188C03-8F79-4A22-8AC1-283A1728ED66}.Debug|x64.Build.0 = Debug|x64
		{EA188C03-8F79-4A22-8AC1-283A1728ED66}.Debug|x64.Deploy.0 = Debug|x64
		{EA188C03-8F79-4A22-8AC1-283A1728ED66}.Debug|x86.ActiveCfg = Debug|x86
		{EA188C03-8F79-4A22-8AC1-283A1728ED66}.Debug|x86.Build.0 = Debug|x86
		{EA188C03-8F79-4A22-8AC1-283A1728ED66}.Debug|x86.Deploy.0 = Debug|x86
		{EA188C03-8F79-4A22-8AC1-283A1728ED66}.Release|Any CPU.ActiveCfg = Release|x86
		{EA188C03-8F79-4A22-8AC1-283A1728ED66}.Release|Any CPU.Build.0 = Release|x86
		{EA188C03-8F79-4A22-8AC1-283A1728ED66}.Release|Any CPU.Deploy.0 = Release|x86
		{EA188C03-8F79-4A22-8AC1-283A1728ED66}.Release|ARM.ActiveCfg = Release|ARM
		{EA188C03-8F79-4A22-8AC1-283A1728ED66}.Release|ARM.Build.0 = Release|ARM
		{EA188C03-8F79-4A22-8AC1-283A1728ED66}.Release|ARM.Deploy.0 = Release|ARM
		{EA188C03-8F79-4A22-8AC1-283A1728ED66}.Release|iPhone.ActiveCfg = Release|x86
		{EA188C03-8F79-4A22-8AC1-283A1728ED66}.Release|iPhone.Build.0 = Release|x86
		{EA188C03-8F79-4A22-8AC1-283A1728ED66}.Release|iPhone.Deploy.0 = Release|x86
		{EA188C03-8F79-4A22-8AC1-283A1728ED66}.Release|iPhoneSimulator.ActiveCfg = Release|x86
		{EA188C03-8F79-4A22-8AC1-283A1728ED66}.Release|iPhoneSimulator.Build.0 = Release|x86
		{EA188C03-8F79-4A22-8AC1-283A1728ED66}.Release|iPhoneSimulator.Deploy.0 = Release|x86
		{EA188C03-8F79-4A22-8AC1-283A1728ED66}.Release|x64.ActiveCfg = Release|x64
		{EA188C03-8F79-4A22-8AC1-283A1728ED66}.Release|x64.Build.0 = Release|x64
		{EA188C03-8F79-4A22-8AC1-283A1728ED66}.Release|x64.Deploy.0 = Release|x64
		{EA188C03-8F79-4A22-8AC1-283A1728ED66}.Release|x86.ActiveCfg = Release|x86
		{EA188C03-8F79-4A22-8AC1-283A1728ED66}.Release|x86.Build.0 = Release|x86
		{EA188C03-8F79-4A22-8AC1-283A1728ED66}.Release|x86.Deploy.0 = Release|x86
		{3F880655-523C-4F69-9769-EA841B008711}.Ad-Hoc|Any CPU.ActiveCfg = Debug|Any CPU
		{3F880655-523C-4F69-9769-EA841B008711}.Ad-Hoc|Any CPU.Build.0 = Debug|Any CPU
		{3F880655-523C-4F69-9769-EA841B008711}.Ad-Hoc|Any CPU.Deploy.0 = Debug|Any CPU
		{3F880655-523C-4F69-9769-EA841B008711}.Ad-Hoc|ARM.ActiveCfg = Debug|Any CPU
		{3F880655-523C-4F69-9769-EA841B008711}.Ad-Hoc|ARM.Build.0 = Debug|Any CPU
		{3F880655-523C-4F69-9769-EA841B008711}.Ad-Hoc|ARM.Deploy.0 = Debug|Any CPU
		{3F880655-523C-4F69-9769-EA841B008711}.Ad-Hoc|iPhone.ActiveCfg = Debug|Any CPU
		{3F880655-523C-4F69-9769-EA841B008711}.Ad-Hoc|iPhone.Build.0 = Debug|Any CPU
		{3F880655-523C-4F69-9769-EA841B008711}.Ad-Hoc|iPhone.Deploy.0 = Debug|Any CPU
		{3F880655-523C-4F69-9769-EA841B008711}.Ad-Hoc|iPhoneSimulator.ActiveCfg = Debug|Any CPU
		{3F880655-523C-4F69-9769-EA841B008711}.Ad-Hoc|iPhoneSimulator.Build.0 = Debug|Any CPU
		{3F880655-523C-4F69-9769-EA841B008711}.Ad-Hoc|iPhoneSimulator.Deploy.0 = Debug|Any CPU
		{3F880655-523C-4F69-9769-EA841B008711}.Ad-Hoc|x64.ActiveCfg = Debug|Any CPU
		{3F880655-523C-4F69-9769-EA841B008711}.Ad-Hoc|x64.Build.0 = Debug|Any CPU
		{3F880655-523C-4F69-9769-EA841B008711}.Ad-Hoc|x64.Deploy.0 = Debug|Any CPU
		{3F880655-523C-4F69-9769-EA841B008711}.Ad-Hoc|x86.ActiveCfg = Debug|Any CPU
		{3F880655-523C-4F69-9769-EA841B008711}.Ad-Hoc|x86.Build.0 = Debug|Any CPU
		{3F880655-523C-4F69-9769-EA841B008711}.Ad-Hoc|x86.Deploy.0 = Debug|Any CPU
		{3F880655-523C-4F69-9769-EA841B008711}.AppStore|Any CPU.ActiveCfg = Debug|Any CPU
		{3F880655-523C-4F69-9769-EA841B008711}.AppStore|Any CPU.Build.0 = Debug|Any CPU
		{3F880655-523C-4F69-9769-EA841B008711}.AppStore|Any CPU.Deploy.0 = Debug|Any CPU
		{3F880655-523C-4F69-9769-EA841B008711}.AppStore|ARM.ActiveCfg = Debug|Any CPU
		{3F880655-523C-4F69-9769-EA841B008711}.AppStore|ARM.Build.0 = Debug|Any CPU
		{3F880655-523C-4F69-9769-EA841B008711}.AppStore|ARM.Deploy.0 = Debug|Any CPU
		{3F880655-523C-4F69-9769-EA841B008711}.AppStore|iPhone.ActiveCfg = Debug|Any CPU
		{3F880655-523C-4F69-9769-EA841B008711}.AppStore|iPhone.Build.0 = Debug|Any CPU
		{3F880655-523C-4F69-9769-EA841B008711}.AppStore|iPhone.Deploy.0 = Debug|Any CPU
		{3F880655-523C-4F69-9769-EA841B008711}.AppStore|iPhoneSimulator.ActiveCfg = Debug|Any CPU
		{3F880655-523C-4F69-9769-EA841B008711}.AppStore|iPhoneSimulator.Build.0 = Debug|Any CPU
		{3F880655-523C-4F69-9769-EA841B008711}.AppStore|iPhoneSimulator.Deploy.0 = Debug|Any CPU
		{3F880655-523C-4F69-9769-EA841B008711}.AppStore|x64.ActiveCfg = Debug|Any CPU
		{3F880655-523C-4F69-9769-EA841B008711}.AppStore|x64.Build.0 = Debug|Any CPU
		{3F880655-523C-4F69-9769-EA841B008711}.AppStore|x64.Deploy.0 = Debug|Any CPU
		{3F880655-523C-4F69-9769-EA841B008711}.AppStore|x86.ActiveCfg = Debug|Any CPU
		{3F880655-523C-4F69-9769-EA841B008711}.AppStore|x86.Build.0 = Debug|Any CPU
		{3F880655-523C-4F69-9769-EA841B008711}.AppStore|x86.Deploy.0 = Debug|Any CPU
		{3F880655-523C-4F69-9769-EA841B008711}.Debug|Any CPU.ActiveCfg = Debug|Any CPU
		{3F880655-523C-4F69-9769-EA841B008711}.Debug|Any CPU.Build.0 = Debug|Any CPU
		{3F880655-523C-4F69-9769-EA841B008711}.Debug|Any CPU.Deploy.0 = Debug|Any CPU
		{3F880655-523C-4F69-9769-EA841B008711}.Debug|ARM.ActiveCfg = Debug|Any CPU
		{3F880655-523C-4F69-9769-EA841B008711}.Debug|ARM.Build.0 = Debug|Any CPU
		{3F880655-523C-4F69-9769-EA841B008711}.Debug|ARM.Deploy.0 = Debug|Any CPU
		{3F880655-523C-4F69-9769-EA841B008711}.Debug|iPhone.ActiveCfg = Debug|Any CPU
		{3F880655-523C-4F69-9769-EA841B008711}.Debug|iPhone.Build.0 = Debug|Any CPU
		{3F880655-523C-4F69-9769-EA841B008711}.Debug|iPhone.Deploy.0 = Debug|Any CPU
		{3F880655-523C-4F69-9769-EA841B008711}.Debug|iPhoneSimulator.ActiveCfg = Debug|Any CPU
		{3F880655-523C-4F69-9769-EA841B008711}.Debug|iPhoneSimulator.Build.0 = Debug|Any CPU
		{3F880655-523C-4F69-9769-EA841B008711}.Debug|iPhoneSimulator.Deploy.0 = Debug|Any CPU
		{3F880655-523C-4F69-9769-EA841B008711}.Debug|x64.ActiveCfg = Debug|Any CPU
		{3F880655-523C-4F69-9769-EA841B008711}.Debug|x64.Build.0 = Debug|Any CPU
		{3F880655-523C-4F69-9769-EA841B008711}.Debug|x64.Deploy.0 = Debug|Any CPU
		{3F880655-523C-4F69-9769-EA841B008711}.Debug|x86.ActiveCfg = Debug|Any CPU
		{3F880655-523C-4F69-9769-EA841B008711}.Debug|x86.Build.0 = Debug|Any CPU
		{3F880655-523C-4F69-9769-EA841B008711}.Debug|x86.Deploy.0 = Debug|Any CPU
		{3F880655-523C-4F69-9769-EA841B008711}.Release|Any CPU.ActiveCfg = Release|Any CPU
		{3F880655-523C-4F69-9769-EA841B008711}.Release|Any CPU.Build.0 = Release|Any CPU
		{3F880655-523C-4F69-9769-EA841B008711}.Release|Any CPU.Deploy.0 = Release|Any CPU
		{3F880655-523C-4F69-9769-EA841B008711}.Release|ARM.ActiveCfg = Release|Any CPU
		{3F880655-523C-4F69-9769-EA841B008711}.Release|ARM.Build.0 = Release|Any CPU
		{3F880655-523C-4F69-9769-EA841B008711}.Release|ARM.Deploy.0 = Release|Any CPU
		{3F880655-523C-4F69-9769-EA841B008711}.Release|iPhone.ActiveCfg = Release|Any CPU
		{3F880655-523C-4F69-9769-EA841B008711}.Release|iPhone.Build.0 = Release|Any CPU
		{3F880655-523C-4F69-9769-EA841B008711}.Release|iPhone.Deploy.0 = Release|Any CPU
		{3F880655-523C-4F69-9769-EA841B008711}.Release|iPhoneSimulator.ActiveCfg = Release|Any CPU
		{3F880655-523C-4F69-9769-EA841B008711}.Release|iPhoneSimulator.Build.0 = Release|Any CPU
		{3F880655-523C-4F69-9769-EA841B008711}.Release|iPhoneSimulator.Deploy.0 = Release|Any CPU
		{3F880655-523C-4F69-9769-EA841B008711}.Release|x64.ActiveCfg = Release|Any CPU
		{3F880655-523C-4F69-9769-EA841B008711}.Release|x64.Build.0 = Release|Any CPU
		{3F880655-523C-4F69-9769-EA841B008711}.Release|x64.Deploy.0 = Release|Any CPU
		{3F880655-523C-4F69-9769-EA841B008711}.Release|x86.ActiveCfg = Release|Any CPU
		{3F880655-523C-4F69-9769-EA841B008711}.Release|x86.Build.0 = Release|Any CPU
		{3F880655-523C-4F69-9769-EA841B008711}.Release|x86.Deploy.0 = Release|Any CPU
	EndGlobalSection
	GlobalSection(SolutionProperties) = preSolution
		HideSolutionNode = FALSE
	EndGlobalSection
	GlobalSection(ExtensibilityGlobals) = postSolution
		SolutionGuid = {BCB0DC16-CDF6-4D84-9C24-D2410E99E3E6}
	EndGlobalSection
EndGlobal
